
Microsoft Visual Studio Solution File, Format Version 12.00
# Visual Studio Version 17
VisualStudioVersion = 17.3.32825.248
MinimumVisualStudioVersion = 10.0.40219.1
Project("{2150E333-8FDC-42A3-9474-1A3956D46DE8}") = "Model", "Model", "{E4C60A78-6EF2-46F4-A678-0CC482C51CCD}"
EndProject
Project("{2150E333-8FDC-42A3-9474-1A3956D46DE8}") = "UnitTests", "UnitTests", "{EE773F4A-9BA3-4E2B-B0DF-036829B57421}"
EndProject
Project("{2150E333-8FDC-42A3-9474-1A3956D46DE8}") = "ViewModel", "ViewModel", "{E3C800C0-42E7-4B66-8728-D49D2E1A4E02}"
EndProject
Project("{9A19103F-16F7-4668-BE54-9A1E7A4F7556}") = "Tablut.Model", "Tablut.Model\Tablut.Model.csproj", "{C2168A2D-046A-4041-8666-A1138B069EB3}"
EndProject
Project("{9A19103F-16F7-4668-BE54-9A1E7A4F7556}") = "Tablut.ViewModel", "Tablut.ViewModel\Tablut.ViewModel.csproj", "{843CFBF1-9B62-4EA2-8F84-C22D517A8071}"
EndProject
Project("{9A19103F-16F7-4668-BE54-9A1E7A4F7556}") = "GameModelTests", "GameModelTests\GameModelTests.csproj", "{C5C648C2-DEF9-4BEF-BEEB-314B145019B9}"
EndProject
Project("{9A19103F-16F7-4668-BE54-9A1E7A4F7556}") = "Tablut", "Tablut.View\Tablut\Tablut.csproj", "{146E7E3E-777B-4BD0-A307-463BC7FF7EE4}"
EndProject
Project("{2150E333-8FDC-42A3-9474-1A3956D46DE8}") = "View", "View", "{5893A602-8B76-43D4-B088-6810C8E54D39}"
EndProject
Project("{FAE04EC0-301F-11D3-BF4B-00C04F79EFBC}") = "Tablut.Android", "Tablut.View\Tablut.Android\Tablut.Android.csproj", "{EC4C24CD-747D-4F56-B927-93ED859D95E5}"
EndProject
Project("{FAE04EC0-301F-11D3-BF4B-00C04F79EFBC}") = "Tablut.iOS", "Tablut.View\Tablut.iOS\Tablut.iOS.csproj", "{A6A88E63-A812-4C8F-99A1-88D9117A28C1}"
EndProject
Project("{FAE04EC0-301F-11D3-BF4B-00C04F79EFBC}") = "Tablut.UWP", "Tablut.View\Tablut.UWP\Tablut.UWP.csproj", "{F0E421CA-583C-4B9F-9F9D-0D3A98C707BD}"
EndProject
Project("{2150E333-8FDC-42A3-9474-1A3956D46DE8}") = "Persistence-DI", "Persistence-DI", "{0AD66DC2-3A19-44A4-94F8-CF58263CD8AA}"
EndProject
Project("{FAE04EC0-301F-11D3-BF4B-00C04F79EFBC}") = "Tablut.Persistence", "Tablut.Persistence\Tablut.Persistence\Tablut.Persistence.csproj", "{83FE0E8E-EAAE-4311-B404-7C4ACE28CC36}"
EndProject
Global
	GlobalSection(SolutionConfigurationPlatforms) = preSolution
		Debug|Any CPU = Debug|Any CPU
		Debug|ARM = Debug|ARM
		Debug|iPhone = Debug|iPhone
		Debug|iPhoneSimulator = Debug|iPhoneSimulator
		Debug|x64 = Debug|x64
		Debug|x86 = Debug|x86
		Release|Any CPU = Release|Any CPU
		Release|ARM = Release|ARM
		Release|iPhone = Release|iPhone
		Release|iPhoneSimulator = Release|iPhoneSimulator
		Release|x64 = Release|x64
		Release|x86 = Release|x86
	EndGlobalSection
	GlobalSection(ProjectConfigurationPlatforms) = postSolution
		{C2168A2D-046A-4041-8666-A1138B069EB3}.Debug|Any CPU.ActiveCfg = Debug|Any CPU
		{C2168A2D-046A-4041-8666-A1138B069EB3}.Debug|Any CPU.Build.0 = Debug|Any CPU
		{C2168A2D-046A-4041-8666-A1138B069EB3}.Debug|ARM.ActiveCfg = Debug|Any CPU
		{C2168A2D-046A-4041-8666-A1138B069EB3}.Debug|ARM.Build.0 = Debug|Any CPU
		{C2168A2D-046A-4041-8666-A1138B069EB3}.Debug|iPhone.ActiveCfg = Debug|Any CPU
		{C2168A2D-046A-4041-8666-A1138B069EB3}.Debug|iPhone.Build.0 = Debug|Any CPU
		{C2168A2D-046A-4041-8666-A1138B069EB3}.Debug|iPhoneSimulator.ActiveCfg = Debug|Any CPU
		{C2168A2D-046A-4041-8666-A1138B069EB3}.Debug|iPhoneSimulator.Build.0 = Debug|Any CPU
		{C2168A2D-046A-4041-8666-A1138B069EB3}.Debug|x64.ActiveCfg = Debug|Any CPU
		{C2168A2D-046A-4041-8666-A1138B069EB3}.Debug|x64.Build.0 = Debug|Any CPU
		{C2168A2D-046A-4041-8666-A1138B069EB3}.Debug|x86.ActiveCfg = Debug|Any CPU
		{C2168A2D-046A-4041-8666-A1138B069EB3}.Debug|x86.Build.0 = Debug|Any CPU
		{C2168A2D-046A-4041-8666-A1138B069EB3}.Release|Any CPU.ActiveCfg = Release|Any CPU
		{C2168A2D-046A-4041-8666-A1138B069EB3}.Release|Any CPU.Build.0 = Release|Any CPU
		{C2168A2D-046A-4041-8666-A1138B069EB3}.Release|ARM.ActiveCfg = Release|Any CPU
		{C2168A2D-046A-4041-8666-A1138B069EB3}.Release|ARM.Build.0 = Release|Any CPU
		{C2168A2D-046A-4041-8666-A1138B069EB3}.Release|iPhone.ActiveCfg = Release|Any CPU
		{C2168A2D-046A-4041-8666-A1138B069EB3}.Release|iPhone.Build.0 = Release|Any CPU
		{C2168A2D-046A-4041-8666-A1138B069EB3}.Release|iPhoneSimulator.ActiveCfg = Release|Any CPU
		{C2168A2D-046A-4041-8666-A1138B069EB3}.Release|iPhoneSimulator.Build.0 = Release|Any CPU
		{C2168A2D-046A-4041-8666-A1138B069EB3}.Release|x64.ActiveCfg = Release|Any CPU
		{C2168A2D-046A-4041-8666-A1138B069EB3}.Release|x64.Build.0 = Release|Any CPU
		{C2168A2D-046A-4041-8666-A1138B069EB3}.Release|x86.ActiveCfg = Release|Any CPU
		{C2168A2D-046A-4041-8666-A1138B069EB3}.Release|x86.Build.0 = Release|Any CPU
		{843CFBF1-9B62-4EA2-8F84-C22D517A8071}.Debug|Any CPU.ActiveCfg = Debug|Any CPU
		{843CFBF1-9B62-4EA2-8F84-C22D517A8071}.Debug|Any CPU.Build.0 = Debug|Any CPU
		{843CFBF1-9B62-4EA2-8F84-C22D517A8071}.Debug|ARM.ActiveCfg = Debug|Any CPU
		{843CFBF1-9B62-4EA2-8F84-C22D517A8071}.Debug|ARM.Build.0 = Debug|Any CPU
		{843CFBF1-9B62-4EA2-8F84-C22D517A8071}.Debug|iPhone.ActiveCfg = Debug|Any CPU
		{843CFBF1-9B62-4EA2-8F84-C22D517A8071}.Debug|iPhone.Build.0 = Debug|Any CPU
		{843CFBF1-9B62-4EA2-8F84-C22D517A8071}.Debug|iPhoneSimulator.ActiveCfg = Debug|Any CPU
		{843CFBF1-9B62-4EA2-8F84-C22D517A8071}.Debug|iPhoneSimulator.Build.0 = Debug|Any CPU
		{843CFBF1-9B62-4EA2-8F84-C22D517A8071}.Debug|x64.ActiveCfg = Debug|Any CPU
		{843CFBF1-9B62-4EA2-8F84-C22D517A8071}.Debug|x64.Build.0 = Debug|Any CPU
		{843CFBF1-9B62-4EA2-8F84-C22D517A8071}.Debug|x86.ActiveCfg = Debug|Any CPU
		{843CFBF1-9B62-4EA2-8F84-C22D517A8071}.Debug|x86.Build.0 = Debug|Any CPU
		{843CFBF1-9B62-4EA2-8F84-C22D517A8071}.Release|Any CPU.ActiveCfg = Release|Any CPU
		{843CFBF1-9B62-4EA2-8F84-C22D517A8071}.Release|Any CPU.Build.0 = Release|Any CPU
		{843CFBF1-9B62-4EA2-8F84-C22D517A8071}.Release|ARM.ActiveCfg = Release|Any CPU
		{843CFBF1-9B62-4EA2-8F84-C22D517A8071}.Release|ARM.Build.0 = Release|Any CPU
		{843CFBF1-9B62-4EA2-8F84-C22D517A8071}.Release|iPhone.ActiveCfg = Release|Any CPU
		{843CFBF1-9B62-4EA2-8F84-C22D517A8071}.Release|iPhone.Build.0 = Release|Any CPU
		{843CFBF1-9B62-4EA2-8F84-C22D517A8071}.Release|iPhoneSimulator.ActiveCfg = Release|Any CPU
		{843CFBF1-9B62-4EA2-8F84-C22D517A8071}.Release|iPhoneSimulator.Build.0 = Release|Any CPU
		{843CFBF1-9B62-4EA2-8F84-C22D517A8071}.Release|x64.ActiveCfg = Release|Any CPU
		{843CFBF1-9B62-4EA2-8F84-C22D517A8071}.Release|x64.Build.0 = Release|Any CPU
		{843CFBF1-9B62-4EA2-8F84-C22D517A8071}.Release|x86.ActiveCfg = Release|Any CPU
		{843CFBF1-9B62-4EA2-8F84-C22D517A8071}.Release|x86.Build.0 = Release|Any CPU
		{C5C648C2-DEF9-4BEF-BEEB-314B145019B9}.Debug|Any CPU.ActiveCfg = Debug|Any CPU
		{C5C648C2-DEF9-4BEF-BEEB-314B145019B9}.Debug|Any CPU.Build.0 = Debug|Any CPU
		{C5C648C2-DEF9-4BEF-BEEB-314B145019B9}.Debug|ARM.ActiveCfg = Debug|Any CPU
		{C5C648C2-DEF9-4BEF-BEEB-314B145019B9}.Debug|ARM.Build.0 = Debug|Any CPU
		{C5C648C2-DEF9-4BEF-BEEB-314B145019B9}.Debug|iPhone.ActiveCfg = Debug|Any CPU
		{C5C648C2-DEF9-4BEF-BEEB-314B145019B9}.Debug|iPhone.Build.0 = Debug|Any CPU
		{C5C648C2-DEF9-4BEF-BEEB-314B145019B9}.Debug|iPhoneSimulator.ActiveCfg = Debug|Any CPU
		{C5C648C2-DEF9-4BEF-BEEB-314B145019B9}.Debug|iPhoneSimulator.Build.0 = Debug|Any CPU
		{C5C648C2-DEF9-4BEF-BEEB-314B145019B9}.Debug|x64.ActiveCfg = Debug|Any CPU
		{C5C648C2-DEF9-4BEF-BEEB-314B145019B9}.Debug|x64.Build.0 = Debug|Any CPU
		{C5C648C2-DEF9-4BEF-BEEB-314B145019B9}.Debug|x86.ActiveCfg = Debug|Any CPU
		{C5C648C2-DEF9-4BEF-BEEB-314B145019B9}.Debug|x86.Build.0 = Debug|Any CPU
		{C5C648C2-DEF9-4BEF-BEEB-314B145019B9}.Release|Any CPU.ActiveCfg = Release|Any CPU
		{C5C648C2-DEF9-4BEF-BEEB-314B145019B9}.Release|Any CPU.Build.0 = Release|Any CPU
		{C5C648C2-DEF9-4BEF-BEEB-314B145019B9}.Release|ARM.ActiveCfg = Release|Any CPU
		{C5C648C2-DEF9-4BEF-BEEB-314B145019B9}.Release|ARM.Build.0 = Release|Any CPU
		{C5C648C2-DEF9-4BEF-BEEB-314B145019B9}.Release|iPhone.ActiveCfg = Release|Any CPU
		{C5C648C2-DEF9-4BEF-BEEB-314B145019B9}.Release|iPhone.Build.0 = Release|Any CPU
		{C5C648C2-DEF9-4BEF-BEEB-314B145019B9}.Release|iPhoneSimulator.ActiveCfg = Release|Any CPU
		{C5C648C2-DEF9-4BEF-BEEB-314B145019B9}.Release|iPhoneSimulator.Build.0 = Release|Any CPU
		{C5C648C2-DEF9-4BEF-BEEB-314B145019B9}.Release|x64.ActiveCfg = Release|Any CPU
		{C5C648C2-DEF9-4BEF-BEEB-314B145019B9}.Release|x64.Build.0 = Release|Any CPU
		{C5C648C2-DEF9-4BEF-BEEB-314B145019B9}.Release|x86.ActiveCfg = Release|Any CPU
		{C5C648C2-DEF9-4BEF-BEEB-314B145019B9}.Release|x86.Build.0 = Release|Any CPU
		{146E7E3E-777B-4BD0-A307-463BC7FF7EE4}.Debug|Any CPU.ActiveCfg = Debug|Any CPU
		{146E7E3E-777B-4BD0-A307-463BC7FF7EE4}.Debug|Any CPU.Build.0 = Debug|Any CPU
		{146E7E3E-777B-4BD0-A307-463BC7FF7EE4}.Debug|ARM.ActiveCfg = Debug|Any CPU
		{146E7E3E-777B-4BD0-A307-463BC7FF7EE4}.Debug|ARM.Build.0 = Debug|Any CPU
		{146E7E3E-777B-4BD0-A307-463BC7FF7EE4}.Debug|iPhone.ActiveCfg = Debug|Any CPU
		{146E7E3E-777B-4BD0-A307-463BC7FF7EE4}.Debug|iPhone.Build.0 = Debug|Any CPU
		{146E7E3E-777B-4BD0-A307-463BC7FF7EE4}.Debug|iPhoneSimulator.ActiveCfg = Debug|Any CPU
		{146E7E3E-777B-4BD0-A307-463BC7FF7EE4}.Debug|iPhoneSimulator.Build.0 = Debug|Any CPU
		{146E7E3E-777B-4BD0-A307-463BC7FF7EE4}.Debug|x64.ActiveCfg = Debug|Any CPU
		{146E7E3E-777B-4BD0-A307-463BC7FF7EE4}.Debug|x64.Build.0 = Debug|Any CPU
		{146E7E3E-777B-4BD0-A307-463BC7FF7EE4}.Debug|x86.ActiveCfg = Debug|Any CPU
		{146E7E3E-777B-4BD0-A307-463BC7FF7EE4}.Debug|x86.Build.0 = Debug|Any CPU
		{146E7E3E-777B-4BD0-A307-463BC7FF7EE4}.Release|Any CPU.ActiveCfg = Release|Any CPU
		{146E7E3E-777B-4BD0-A307-463BC7FF7EE4}.Release|Any CPU.Build.0 = Release|Any CPU
		{146E7E3E-777B-4BD0-A307-463BC7FF7EE4}.Release|ARM.ActiveCfg = Release|Any CPU
		{146E7E3E-777B-4BD0-A307-463BC7FF7EE4}.Release|ARM.Build.0 = Release|Any CPU
		{146E7E3E-777B-4BD0-A307-463BC7FF7EE4}.Release|iPhone.ActiveCfg = Release|Any CPU
		{146E7E3E-777B-4BD0-A307-463BC7FF7EE4}.Release|iPhone.Build.0 = Release|Any CPU
		{146E7E3E-777B-4BD0-A307-463BC7FF7EE4}.Release|iPhoneSimulator.ActiveCfg = Release|Any CPU
		{146E7E3E-777B-4BD0-A307-463BC7FF7EE4}.Release|iPhoneSimulator.Build.0 = Release|Any CPU
		{146E7E3E-777B-4BD0-A307-463BC7FF7EE4}.Release|x64.ActiveCfg = Release|Any CPU
		{146E7E3E-777B-4BD0-A307-463BC7FF7EE4}.Release|x64.Build.0 = Release|Any CPU
		{146E7E3E-777B-4BD0-A307-463BC7FF7EE4}.Release|x86.ActiveCfg = Release|Any CPU
		{146E7E3E-777B-4BD0-A307-463BC7FF7EE4}.Release|x86.Build.0 = Release|Any CPU
		{EC4C24CD-747D-4F56-B927-93ED859D95E5}.Debug|Any CPU.ActiveCfg = Debug|Any CPU
		{EC4C24CD-747D-4F56-B927-93ED859D95E5}.Debug|Any CPU.Build.0 = Debug|Any CPU
		{EC4C24CD-747D-4F56-B927-93ED859D95E5}.Debug|Any CPU.Deploy.0 = Debug|Any CPU
		{EC4C24CD-747D-4F56-B927-93ED859D95E5}.Debug|ARM.ActiveCfg = Debug|Any CPU
		{EC4C24CD-747D-4F56-B927-93ED859D95E5}.Debug|ARM.Build.0 = Debug|Any CPU
		{EC4C24CD-747D-4F56-B927-93ED859D95E5}.Debug|ARM.Deploy.0 = Debug|Any CPU
		{EC4C24CD-747D-4F56-B927-93ED859D95E5}.Debug|iPhone.ActiveCfg = Debug|Any CPU
		{EC4C24CD-747D-4F56-B927-93ED859D95E5}.Debug|iPhone.Build.0 = Debug|Any CPU
		{EC4C24CD-747D-4F56-B927-93ED859D95E5}.Debug|iPhone.Deploy.0 = Debug|Any CPU
		{EC4C24CD-747D-4F56-B927-93ED859D95E5}.Debug|iPhoneSimulator.ActiveCfg = Debug|Any CPU
		{EC4C24CD-747D-4F56-B927-93ED859D95E5}.Debug|iPhoneSimulator.Build.0 = Debug|Any CPU
		{EC4C24CD-747D-4F56-B927-93ED859D95E5}.Debug|iPhoneSimulator.Deploy.0 = Debug|Any CPU
		{EC4C24CD-747D-4F56-B927-93ED859D95E5}.Debug|x64.ActiveCfg = Debug|Any CPU
		{EC4C24CD-747D-4F56-B927-93ED859D95E5}.Debug|x64.Build.0 = Debug|Any CPU
		{EC4C24CD-747D-4F56-B927-93ED859D95E5}.Debug|x64.Deploy.0 = Debug|Any CPU
		{EC4C24CD-747D-4F56-B927-93ED859D95E5}.Debug|x86.ActiveCfg = Debug|Any CPU
		{EC4C24CD-747D-4F56-B927-93ED859D95E5}.Debug|x86.Build.0 = Debug|Any CPU
		{EC4C24CD-747D-4F56-B927-93ED859D95E5}.Debug|x86.Deploy.0 = Debug|Any CPU
		{EC4C24CD-747D-4F56-B927-93ED859D95E5}.Release|Any CPU.ActiveCfg = Release|Any CPU
		{EC4C24CD-747D-4F56-B927-93ED859D95E5}.Release|Any CPU.Build.0 = Release|Any CPU
		{EC4C24CD-747D-4F56-B927-93ED859D95E5}.Release|Any CPU.Deploy.0 = Release|Any CPU
		{EC4C24CD-747D-4F56-B927-93ED859D95E5}.Release|ARM.ActiveCfg = Release|Any CPU
		{EC4C24CD-747D-4F56-B927-93ED859D95E5}.Release|ARM.Build.0 = Release|Any CPU
		{EC4C24CD-747D-4F56-B927-93ED859D95E5}.Release|ARM.Deploy.0 = Release|Any CPU
		{EC4C24CD-747D-4F56-B927-93ED859D95E5}.Release|iPhone.ActiveCfg = Release|Any CPU
		{EC4C24CD-747D-4F56-B927-93ED859D95E5}.Release|iPhone.Build.0 = Release|Any CPU
		{EC4C24CD-747D-4F56-B927-93ED859D95E5}.Release|iPhone.Deploy.0 = Release|Any CPU
		{EC4C24CD-747D-4F56-B927-93ED859D95E5}.Release|iPhoneSimulator.ActiveCfg = Release|Any CPU
		{EC4C24CD-747D-4F56-B927-93ED859D95E5}.Release|iPhoneSimulator.Build.0 = Release|Any CPU
		{EC4C24CD-747D-4F56-B927-93ED859D95E5}.Release|iPhoneSimulator.Deploy.0 = Release|Any CPU
		{EC4C24CD-747D-4F56-B927-93ED859D95E5}.Release|x64.ActiveCfg = Release|Any CPU
		{EC4C24CD-747D-4F56-B927-93ED859D95E5}.Release|x64.Build.0 = Release|Any CPU
		{EC4C24CD-747D-4F56-B927-93ED859D95E5}.Release|x64.Deploy.0 = Release|Any CPU
		{EC4C24CD-747D-4F56-B927-93ED859D95E5}.Release|x86.ActiveCfg = Release|Any CPU
		{EC4C24CD-747D-4F56-B927-93ED859D95E5}.Release|x86.Build.0 = Release|Any CPU
		{EC4C24CD-747D-4F56-B927-93ED859D95E5}.Release|x86.Deploy.0 = Release|Any CPU
		{A6A88E63-A812-4C8F-99A1-88D9117A28C1}.Debug|Any CPU.ActiveCfg = Debug|iPhoneSimulator
		{A6A88E63-A812-4C8F-99A1-88D9117A28C1}.Debug|Any CPU.Build.0 = Debug|iPhoneSimulator
		{A6A88E63-A812-4C8F-99A1-88D9117A28C1}.Debug|ARM.ActiveCfg = Debug|iPhoneSimulator
		{A6A88E63-A812-4C8F-99A1-88D9117A28C1}.Debug|ARM.Build.0 = Debug|iPhoneSimulator
		{A6A88E63-A812-4C8F-99A1-88D9117A28C1}.Debug|iPhone.ActiveCfg = Debug|iPhone
		{A6A88E63-A812-4C8F-99A1-88D9117A28C1}.Debug|iPhone.Build.0 = Debug|iPhone
		{A6A88E63-A812-4C8F-99A1-88D9117A28C1}.Debug|iPhoneSimulator.ActiveCfg = Debug|iPhoneSimulator
		{A6A88E63-A812-4C8F-99A1-88D9117A28C1}.Debug|iPhoneSimulator.Build.0 = Debug|iPhoneSimulator
		{A6A88E63-A812-4C8F-99A1-88D9117A28C1}.Debug|x64.ActiveCfg = Debug|iPhoneSimulator
		{A6A88E63-A812-4C8F-99A1-88D9117A28C1}.Debug|x64.Build.0 = Debug|iPhoneSimulator
		{A6A88E63-A812-4C8F-99A1-88D9117A28C1}.Debug|x86.ActiveCfg = Debug|iPhoneSimulator
		{A6A88E63-A812-4C8F-99A1-88D9117A28C1}.Debug|x86.Build.0 = Debug|iPhoneSimulator
		{A6A88E63-A812-4C8F-99A1-88D9117A28C1}.Release|Any CPU.ActiveCfg = Release|iPhoneSimulator
		{A6A88E63-A812-4C8F-99A1-88D9117A28C1}.Release|Any CPU.Build.0 = Release|iPhoneSimulator
		{A6A88E63-A812-4C8F-99A1-88D9117A28C1}.Release|ARM.ActiveCfg = Release|iPhoneSimulator
		{A6A88E63-A812-4C8F-99A1-88D9117A28C1}.Release|ARM.Build.0 = Release|iPhoneSimulator
		{A6A88E63-A812-4C8F-99A1-88D9117A28C1}.Release|iPhone.ActiveCfg = Release|iPhone
		{A6A88E63-A812-4C8F-99A1-88D9117A28C1}.Release|iPhone.Build.0 = Release|iPhone
		{A6A88E63-A812-4C8F-99A1-88D9117A28C1}.Release|iPhoneSimulator.ActiveCfg = Release|iPhoneSimulator
		{A6A88E63-A812-4C8F-99A1-88D9117A28C1}.Release|iPhoneSimulator.Build.0 = Release|iPhoneSimulator
		{A6A88E63-A812-4C8F-99A1-88D9117A28C1}.Release|x64.ActiveCfg = Release|iPhoneSimulator
		{A6A88E63-A812-4C8F-99A1-88D9117A28C1}.Release|x64.Build.0 = Release|iPhoneSimulator
		{A6A88E63-A812-4C8F-99A1-88D9117A28C1}.Release|x86.ActiveCfg = Release|iPhoneSimulator
		{A6A88E63-A812-4C8F-99A1-88D9117A28C1}.Release|x86.Build.0 = Release|iPhoneSimulator
		{F0E421CA-583C-4B9F-9F9D-0D3A98C707BD}.Debug|Any CPU.ActiveCfg = Debug|x64
		{F0E421CA-583C-4B9F-9F9D-0D3A98C707BD}.Debug|Any CPU.Build.0 = Debug|x64
		{F0E421CA-583C-4B9F-9F9D-0D3A98C707BD}.Debug|Any CPU.Deploy.0 = Debug|x64
		{F0E421CA-583C-4B9F-9F9D-0D3A98C707BD}.Debug|ARM.ActiveCfg = Debug|ARM
		{F0E421CA-583C-4B9F-9F9D-0D3A98C707BD}.Debug|ARM.Build.0 = Debug|ARM
		{F0E421CA-583C-4B9F-9F9D-0D3A98C707BD}.Debug|ARM.Deploy.0 = Debug|ARM
		{F0E421CA-583C-4B9F-9F9D-0D3A98C707BD}.Debug|iPhone.ActiveCfg = Debug|x64
		{F0E421CA-583C-4B9F-9F9D-0D3A98C707BD}.Debug|iPhone.Build.0 = Debug|x64
		{F0E421CA-583C-4B9F-9F9D-0D3A98C707BD}.Debug|iPhone.Deploy.0 = Debug|x64
		{F0E421CA-583C-4B9F-9F9D-0D3A98C707BD}.Debug|iPhoneSimulator.ActiveCfg = Debug|x64
		{F0E421CA-583C-4B9F-9F9D-0D3A98C707BD}.Debug|iPhoneSimulator.Build.0 = Debug|x64
		{F0E421CA-583C-4B9F-9F9D-0D3A98C707BD}.Debug|iPhoneSimulator.Deploy.0 = Debug|x64
		{F0E421CA-583C-4B9F-9F9D-0D3A98C707BD}.Debug|x64.ActiveCfg = Debug|x64
		{F0E421CA-583C-4B9F-9F9D-0D3A98C707BD}.Debug|x64.Build.0 = Debug|x64
		{F0E421CA-583C-4B9F-9F9D-0D3A98C707BD}.Debug|x64.Deploy.0 = Debug|x64
		{F0E421CA-583C-4B9F-9F9D-0D3A98C707BD}.Debug|x86.ActiveCfg = Debug|x86
		{F0E421CA-583C-4B9F-9F9D-0D3A98C707BD}.Debug|x86.Build.0 = Debug|x86
		{F0E421CA-583C-4B9F-9F9D-0D3A98C707BD}.Debug|x86.Deploy.0 = Debug|x86
		{F0E421CA-583C-4B9F-9F9D-0D3A98C707BD}.Release|Any CPU.ActiveCfg = Release|x64
		{F0E421CA-583C-4B9F-9F9D-0D3A98C707BD}.Release|Any CPU.Build.0 = Release|x64
		{F0E421CA-583C-4B9F-9F9D-0D3A98C707BD}.Release|Any CPU.Deploy.0 = Release|x64
		{F0E421CA-583C-4B9F-9F9D-0D3A98C707BD}.Release|ARM.ActiveCfg = Release|ARM
		{F0E421CA-583C-4B9F-9F9D-0D3A98C707BD}.Release|ARM.Build.0 = Release|ARM
		{F0E421CA-583C-4B9F-9F9D-0D3A98C707BD}.Release|ARM.Deploy.0 = Release|ARM
		{F0E421CA-583C-4B9F-9F9D-0D3A98C707BD}.Release|iPhone.ActiveCfg = Release|x64
		{F0E421CA-583C-4B9F-9F9D-0D3A98C707BD}.Release|iPhone.Build.0 = Release|x64
		{F0E421CA-583C-4B9F-9F9D-0D3A98C707BD}.Release|iPhone.Deploy.0 = Release|x64
		{F0E421CA-583C-4B9F-9F9D-0D3A98C707BD}.Release|iPhoneSimulator.ActiveCfg = Release|x64
		{F0E421CA-583C-4B9F-9F9D-0D3A98C707BD}.Release|iPhoneSimulator.Build.0 = Release|x64
		{F0E421CA-583C-4B9F-9F9D-0D3A98C707BD}.Release|iPhoneSimulator.Deploy.0 = Release|x64
		{F0E421CA-583C-4B9F-9F9D-0D3A98C707BD}.Release|x64.ActiveCfg = Release|x64
		{F0E421CA-583C-4B9F-9F9D-0D3A98C707BD}.Release|x64.Build.0 = Release|x64
		{F0E421CA-583C-4B9F-9F9D-0D3A98C707BD}.Release|x64.Deploy.0 = Release|x64
		{F0E421CA-583C-4B9F-9F9D-0D3A98C707BD}.Release|x86.ActiveCfg = Release|x86
		{F0E421CA-583C-4B9F-9F9D-0D3A98C707BD}.Release|x86.Build.0 = Release|x86
		{F0E421CA-583C-4B9F-9F9D-0D3A98C707BD}.Release|x86.Deploy.0 = Release|x86
		{83FE0E8E-EAAE-4311-B404-7C4ACE28CC36}.Debug|Any CPU.ActiveCfg = Debug|Any CPU
		{83FE0E8E-EAAE-4311-B404-7C4ACE28CC36}.Debug|Any CPU.Build.0 = Debug|Any CPU
		{83FE0E8E-EAAE-4311-B404-7C4ACE28CC36}.Debug|ARM.ActiveCfg = Debug|Any CPU
		{83FE0E8E-EAAE-4311-B404-7C4ACE28CC36}.Debug|ARM.Build.0 = Debug|Any CPU
		{83FE0E8E-EAAE-4311-B404-7C4ACE28CC36}.Debug|iPhone.ActiveCfg = Debug|Any CPU
		{83FE0E8E-EAAE-4311-B404-7C4ACE28CC36}.Debug|iPhone.Build.0 = Debug|Any CPU
		{83FE0E8E-EAAE-4311-B404-7C4ACE28CC36}.Debug|iPhoneSimulator.ActiveCfg = Debug|Any CPU
		{83FE0E8E-EAAE-4311-B404-7C4ACE28CC36}.Debug|iPhoneSimulator.Build.0 = Debug|Any CPU
		{83FE0E8E-EAAE-4311-B404-7C4ACE28CC36}.Debug|x64.ActiveCfg = Debug|Any CPU
		{83FE0E8E-EAAE-4311-B404-7C4ACE28CC36}.Debug|x64.Build.0 = Debug|Any CPU
		{83FE0E8E-EAAE-4311-B404-7C4ACE28CC36}.Debug|x86.ActiveCfg = Debug|Any CPU
		{83FE0E8E-EAAE-4311-B404-7C4ACE28CC36}.Debug|x86.Build.0 = Debug|Any CPU
		{83FE0E8E-EAAE-4311-B404-7C4ACE28CC36}.Release|Any CPU.ActiveCfg = Release|Any CPU
		{83FE0E8E-EAAE-4311-B404-7C4ACE28CC36}.Release|Any CPU.Build.0 = Release|Any CPU
		{83FE0E8E-EAAE-4311-B404-7C4ACE28CC36}.Release|ARM.ActiveCfg = Release|Any CPU
		{83FE0E8E-EAAE-4311-B404-7C4ACE28CC36}.Release|ARM.Build.0 = Release|Any CPU
		{83FE0E8E-EAAE-4311-B404-7C4ACE28CC36}.Release|iPhone.ActiveCfg = Release|Any CPU
		{83FE0E8E-EAAE-4311-B404-7C4ACE28CC36}.Release|iPhone.Build.0 = Release|Any CPU
		{83FE0E8E-EAAE-4311-B404-7C4ACE28CC36}.Release|iPhoneSimulator.ActiveCfg = Release|Any CPU
		{83FE0E8E-EAAE-4311-B404-7C4ACE28CC36}.Release|iPhoneSimulator.Build.0 = Release|Any CPU
		{83FE0E8E-EAAE-4311-B404-7C4ACE28CC36}.Release|x64.ActiveCfg = Release|Any CPU
		{83FE0E8E-EAAE-4311-B404-7C4ACE28CC36}.Release|x64.Build.0 = Release|Any CPU
		{83FE0E8E-EAAE-4311-B404-7C4ACE28CC36}.Release|x86.ActiveCfg = Release|Any CPU
		{83FE0E8E-EAAE-4311-B404-7C4ACE28CC36}.Release|x86.Build.0 = Release|Any CPU
	EndGlobalSection
	GlobalSection(SolutionProperties) = preSolution
		HideSolutionNode = FALSE
	EndGlobalSection
	GlobalSection(NestedProjects) = preSolution
		{C2168A2D-046A-4041-8666-A1138B069EB3} = {E4C60A78-6EF2-46F4-A678-0CC482C51CCD}
		{843CFBF1-9B62-4EA2-8F84-C22D517A8071} = {E3C800C0-42E7-4B66-8728-D49D2E1A4E02}
		{C5C648C2-DEF9-4BEF-BEEB-314B145019B9} = {EE773F4A-9BA3-4E2B-B0DF-036829B57421}
		{146E7E3E-777B-4BD0-A307-463BC7FF7EE4} = {5893A602-8B76-43D4-B088-6810C8E54D39}
		{EC4C24CD-747D-4F56-B927-93ED859D95E5} = {5893A602-8B76-43D4-B088-6810C8E54D39}
		{A6A88E63-A812-4C8F-99A1-88D9117A28C1} = {5893A602-8B76-43D4-B088-6810C8E54D39}
		{F0E421CA-583C-4B9F-9F9D-0D3A98C707BD} = {5893A602-8B76-43D4-B088-6810C8E54D39}
		{83FE0E8E-EAAE-4311-B404-7C4ACE28CC36} = {0AD66DC2-3A19-44A4-94F8-CF58263CD8AA}
	EndGlobalSection
	GlobalSection(ExtensibilityGlobals) = postSolution
		SolutionGuid = {C782F388-65B6-49D3-94EA-16C7E9271E10}
	EndGlobalSection
EndGlobal
