
Microsoft Visual Studio Solution File, Format Version 12.00
# Visual Studio Version 17
VisualStudioVersion = 17.3.32825.248
MinimumVisualStudioVersion = 10.0.40219.1
Project("{FAE04EC0-301F-11D3-BF4B-00C04F79EFBC}") = "Tablut.UWP", "Tablut.UWP\Tablut.UWP.csproj", "{F0E421CA-583C-4B9F-9F9D-0D3A98C707BD}"
EndProject
Project("{FAE04EC0-301F-11D3-BF4B-00C04F79EFBC}") = "Tablut.Android", "Tablut.Android\Tablut.Android.csproj", "{EC4C24CD-747D-4F56-B927-93ED859D95E5}"
EndProject
Project("{FAE04EC0-301F-11D3-BF4B-00C04F79EFBC}") = "Tablut.iOS", "Tablut.iOS\Tablut.iOS.csproj", "{A6A88E63-A812-4C8F-99A1-88D9117A28C1}"
EndProject
Project("{FAE04EC0-301F-11D3-BF4B-00C04F79EFBC}") = "Tablut", "Tablut\Tablut.csproj", "{BF185E47-D923-49F4-8DCE-9F2D4509BC30}"
EndProject
Project("{2150E333-8FDC-42A3-9474-1A3956D46DE8}") = "View", "View", "{4E1CB9E8-1BA2-4F92-930D-EBBB9308C98D}"
EndProject
Global
	GlobalSection(SolutionConfigurationPlatforms) = preSolution
		Debug|Any CPU = Debug|Any CPU
		Debug|ARM = Debug|ARM
		Debug|iPhone = Debug|iPhone
		Debug|iPhoneSimulator = Debug|iPhoneSimulator
		Debug|x64 = Debug|x64
		Debug|x86 = Debug|x86
		Release|Any CPU = Release|Any CPU
		Release|ARM = Release|ARM
		Release|iPhone = Release|iPhone
		Release|iPhoneSimulator = Release|iPhoneSimulator
		Release|x64 = Release|x64
		Release|x86 = Release|x86
	EndGlobalSection
	GlobalSection(ProjectConfigurationPlatforms) = postSolution
		{F0E421CA-583C-4B9F-9F9D-0D3A98C707BD}.Debug|Any CPU.ActiveCfg = Debug|x64
		{F0E421CA-583C-4B9F-9F9D-0D3A98C707BD}.Debug|Any CPU.Build.0 = Debug|x64
		{F0E421CA-583C-4B9F-9F9D-0D3A98C707BD}.Debug|Any CPU.Deploy.0 = Debug|x64
		{F0E421CA-583C-4B9F-9F9D-0D3A98C707BD}.Debug|ARM.ActiveCfg = Debug|ARM
		{F0E421CA-583C-4B9F-9F9D-0D3A98C707BD}.Debug|ARM.Build.0 = Debug|ARM
		{F0E421CA-583C-4B9F-9F9D-0D3A98C707BD}.Debug|ARM.Deploy.0 = Debug|ARM
		{F0E421CA-583C-4B9F-9F9D-0D3A98C707BD}.Debug|iPhone.ActiveCfg = Debug|x64
		{F0E421CA-583C-4B9F-9F9D-0D3A98C707BD}.Debug|iPhone.Build.0 = Debug|x64
		{F0E421CA-583C-4B9F-9F9D-0D3A98C707BD}.Debug|iPhone.Deploy.0 = Debug|x64
		{F0E421CA-583C-4B9F-9F9D-0D3A98C707BD}.Debug|iPhoneSimulator.ActiveCfg = Debug|x64
		{F0E421CA-583C-4B9F-9F9D-0D3A98C707BD}.Debug|iPhoneSimulator.Build.0 = Debug|x64
		{F0E421CA-583C-4B9F-9F9D-0D3A98C707BD}.Debug|iPhoneSimulator.Deploy.0 = Debug|x64
		{F0E421CA-583C-4B9F-9F9D-0D3A98C707BD}.Debug|x64.ActiveCfg = Debug|x64
		{F0E421CA-583C-4B9F-9F9D-0D3A98C707BD}.Debug|x64.Build.0 = Debug|x64
		{F0E421CA-583C-4B9F-9F9D-0D3A98C707BD}.Debug|x64.Deploy.0 = Debug|x64
		{F0E421CA-583C-4B9F-9F9D-0D3A98C707BD}.Debug|x86.ActiveCfg = Debug|x86
		{F0E421CA-583C-4B9F-9F9D-0D3A98C707BD}.Debug|x86.Build.0 = Debug|x86
		{F0E421CA-583C-4B9F-9F9D-0D3A98C707BD}.Debug|x86.Deploy.0 = Debug|x86
		{F0E421CA-583C-4B9F-9F9D-0D3A98C707BD}.Release|Any CPU.ActiveCfg = Release|x64
		{F0E421CA-583C-4B9F-9F9D-0D3A98C707BD}.Release|Any CPU.Build.0 = Release|x64
		{F0E421CA-583C-4B9F-9F9D-0D3A98C707BD}.Release|Any CPU.Deploy.0 = Release|x64
		{F0E421CA-583C-4B9F-9F9D-0D3A98C707BD}.Release|ARM.ActiveCfg = Release|ARM
		{F0E421CA-583C-4B9F-9F9D-0D3A98C707BD}.Release|ARM.Build.0 = Release|ARM
		{F0E421CA-583C-4B9F-9F9D-0D3A98C707BD}.Release|ARM.Deploy.0 = Release|ARM
		{F0E421CA-583C-4B9F-9F9D-0D3A98C707BD}.Release|iPhone.ActiveCfg = Release|x64
		{F0E421CA-583C-4B9F-9F9D-0D3A98C707BD}.Release|iPhone.Build.0 = Release|x64
		{F0E421CA-583C-4B9F-9F9D-0D3A98C707BD}.Release|iPhone.Deploy.0 = Release|x64
		{F0E421CA-583C-4B9F-9F9D-0D3A98C707BD}.Release|iPhoneSimulator.ActiveCfg = Release|x64
		{F0E421CA-583C-4B9F-9F9D-0D3A98C707BD}.Release|iPhoneSimulator.Build.0 = Release|x64
		{F0E421CA-583C-4B9F-9F9D-0D3A98C707BD}.Release|iPhoneSimulator.Deploy.0 = Release|x64
		{F0E421CA-583C-4B9F-9F9D-0D3A98C707BD}.Release|x64.ActiveCfg = Release|x64
		{F0E421CA-583C-4B9F-9F9D-0D3A98C707BD}.Release|x64.Build.0 = Release|x64
		{F0E421CA-583C-4B9F-9F9D-0D3A98C707BD}.Release|x64.Deploy.0 = Release|x64
		{F0E421CA-583C-4B9F-9F9D-0D3A98C707BD}.Release|x86.ActiveCfg = Release|x86
		{F0E421CA-583C-4B9F-9F9D-0D3A98C707BD}.Release|x86.Build.0 = Release|x86
		{F0E421CA-583C-4B9F-9F9D-0D3A98C707BD}.Release|x86.Deploy.0 = Release|x86
		{EC4C24CD-747D-4F56-B927-93ED859D95E5}.Debug|Any CPU.ActiveCfg = Debug|Any CPU
		{EC4C24CD-747D-4F56-B927-93ED859D95E5}.Debug|Any CPU.Build.0 = Debug|Any CPU
		{EC4C24CD-747D-4F56-B927-93ED859D95E5}.Debug|Any CPU.Deploy.0 = Debug|Any CPU
		{EC4C24CD-747D-4F56-B927-93ED859D95E5}.Debug|ARM.ActiveCfg = Debug|Any CPU
		{EC4C24CD-747D-4F56-B927-93ED859D95E5}.Debug|ARM.Build.0 = Debug|Any CPU
		{EC4C24CD-747D-4F56-B927-93ED859D95E5}.Debug|ARM.Deploy.0 = Debug|Any CPU
		{EC4C24CD-747D-4F56-B927-93ED859D95E5}.Debug|iPhone.ActiveCfg = Debug|Any CPU
		{EC4C24CD-747D-4F56-B927-93ED859D95E5}.Debug|iPhone.Build.0 = Debug|Any CPU
		{EC4C24CD-747D-4F56-B927-93ED859D95E5}.Debug|iPhone.Deploy.0 = Debug|Any CPU
		{EC4C24CD-747D-4F56-B927-93ED859D95E5}.Debug|iPhoneSimulator.ActiveCfg = Debug|Any CPU
		{EC4C24CD-747D-4F56-B927-93ED859D95E5}.Debug|iPhoneSimulator.Build.0 = Debug|Any CPU
		{EC4C24CD-747D-4F56-B927-93ED859D95E5}.Debug|iPhoneSimulator.Deploy.0 = Debug|Any CPU
		{EC4C24CD-747D-4F56-B927-93ED859D95E5}.Debug|x64.ActiveCfg = Debug|Any CPU
		{EC4C24CD-747D-4F56-B927-93ED859D95E5}.Debug|x64.Build.0 = Debug|Any CPU
		{EC4C24CD-747D-4F56-B927-93ED859D95E5}.Debug|x64.Deploy.0 = Debug|Any CPU
		{EC4C24CD-747D-4F56-B927-93ED859D95E5}.Debug|x86.ActiveCfg = Debug|Any CPU
		{EC4C24CD-747D-4F56-B927-93ED859D95E5}.Debug|x86.Build.0 = Debug|Any CPU
		{EC4C24CD-747D-4F56-B927-93ED859D95E5}.Debug|x86.Deploy.0 = Debug|Any CPU
		{EC4C24CD-747D-4F56-B927-93ED859D95E5}.Release|Any CPU.ActiveCfg = Release|Any CPU
		{EC4C24CD-747D-4F56-B927-93ED859D95E5}.Release|Any CPU.Build.0 = Release|Any CPU
		{EC4C24CD-747D-4F56-B927-93ED859D95E5}.Release|Any CPU.Deploy.0 = Release|Any CPU
		{EC4C24CD-747D-4F56-B927-93ED859D95E5}.Release|ARM.ActiveCfg = Release|Any CPU
		{EC4C24CD-747D-4F56-B927-93ED859D95E5}.Release|ARM.Build.0 = Release|Any CPU
		{EC4C24CD-747D-4F56-B927-93ED859D95E5}.Release|ARM.Deploy.0 = Release|Any CPU
		{EC4C24CD-747D-4F56-B927-93ED859D95E5}.Release|iPhone.ActiveCfg = Release|Any CPU
		{EC4C24CD-747D-4F56-B927-93ED859D95E5}.Release|iPhone.Build.0 = Release|Any CPU
		{EC4C24CD-747D-4F56-B927-93ED859D95E5}.Release|iPhone.Deploy.0 = Release|Any CPU
		{EC4C24CD-747D-4F56-B927-93ED859D95E5}.Release|iPhoneSimulator.ActiveCfg = Release|Any CPU
		{EC4C24CD-747D-4F56-B927-93ED859D95E5}.Release|iPhoneSimulator.Build.0 = Release|Any CPU
		{EC4C24CD-747D-4F56-B927-93ED859D95E5}.Release|iPhoneSimulator.Deploy.0 = Release|Any CPU
		{EC4C24CD-747D-4F56-B927-93ED859D95E5}.Release|x64.ActiveCfg = Release|Any CPU
		{EC4C24CD-747D-4F56-B927-93ED859D95E5}.Release|x64.Build.0 = Release|Any CPU
		{EC4C24CD-747D-4F56-B927-93ED859D95E5}.Release|x64.Deploy.0 = Release|Any CPU
		{EC4C24CD-747D-4F56-B927-93ED859D95E5}.Release|x86.ActiveCfg = Release|Any CPU
		{EC4C24CD-747D-4F56-B927-93ED859D95E5}.Release|x86.Build.0 = Release|Any CPU
		{EC4C24CD-747D-4F56-B927-93ED859D95E5}.Release|x86.Deploy.0 = Release|Any CPU
		{A6A88E63-A812-4C8F-99A1-88D9117A28C1}.Debug|Any CPU.ActiveCfg = Debug|iPhoneSimulator
		{A6A88E63-A812-4C8F-99A1-88D9117A28C1}.Debug|Any CPU.Build.0 = Debug|iPhoneSimulator
		{A6A88E63-A812-4C8F-99A1-88D9117A28C1}.Debug|Any CPU.Deploy.0 = Debug|iPhoneSimulator
		{A6A88E63-A812-4C8F-99A1-88D9117A28C1}.Debug|ARM.ActiveCfg = Debug|iPhoneSimulator
		{A6A88E63-A812-4C8F-99A1-88D9117A28C1}.Debug|ARM.Build.0 = Debug|iPhoneSimulator
		{A6A88E63-A812-4C8F-99A1-88D9117A28C1}.Debug|ARM.Deploy.0 = Debug|iPhoneSimulator
		{A6A88E63-A812-4C8F-99A1-88D9117A28C1}.Debug|iPhone.ActiveCfg = Debug|iPhone
		{A6A88E63-A812-4C8F-99A1-88D9117A28C1}.Debug|iPhone.Build.0 = Debug|iPhone
		{A6A88E63-A812-4C8F-99A1-88D9117A28C1}.Debug|iPhone.Deploy.0 = Debug|iPhone
		{A6A88E63-A812-4C8F-99A1-88D9117A28C1}.Debug|iPhoneSimulator.ActiveCfg = Debug|iPhoneSimulator
		{A6A88E63-A812-4C8F-99A1-88D9117A28C1}.Debug|iPhoneSimulator.Build.0 = Debug|iPhoneSimulator
		{A6A88E63-A812-4C8F-99A1-88D9117A28C1}.Debug|iPhoneSimulator.Deploy.0 = Debug|iPhoneSimulator
		{A6A88E63-A812-4C8F-99A1-88D9117A28C1}.Debug|x64.ActiveCfg = Debug|iPhone
		{A6A88E63-A812-4C8F-99A1-88D9117A28C1}.Debug|x64.Build.0 = Debug|iPhone
		{A6A88E63-A812-4C8F-99A1-88D9117A28C1}.Debug|x64.Deploy.0 = Debug|iPhone
		{A6A88E63-A812-4C8F-99A1-88D9117A28C1}.Debug|x86.ActiveCfg = Debug|iPhoneSimulator
		{A6A88E63-A812-4C8F-99A1-88D9117A28C1}.Debug|x86.Build.0 = Debug|iPhoneSimulator
		{A6A88E63-A812-4C8F-99A1-88D9117A28C1}.Debug|x86.Deploy.0 = Debug|iPhoneSimulator
		{A6A88E63-A812-4C8F-99A1-88D9117A28C1}.Release|Any CPU.ActiveCfg = Release|iPhoneSimulator
		{A6A88E63-A812-4C8F-99A1-88D9117A28C1}.Release|Any CPU.Build.0 = Release|iPhoneSimulator
		{A6A88E63-A812-4C8F-99A1-88D9117A28C1}.Release|Any CPU.Deploy.0 = Release|iPhoneSimulator
		{A6A88E63-A812-4C8F-99A1-88D9117A28C1}.Release|ARM.ActiveCfg = Release|iPhoneSimulator
		{A6A88E63-A812-4C8F-99A1-88D9117A28C1}.Release|ARM.Build.0 = Release|iPhoneSimulator
		{A6A88E63-A812-4C8F-99A1-88D9117A28C1}.Release|ARM.Deploy.0 = Release|iPhoneSimulator
		{A6A88E63-A812-4C8F-99A1-88D9117A28C1}.Release|iPhone.ActiveCfg = Release|iPhone
		{A6A88E63-A812-4C8F-99A1-88D9117A28C1}.Release|iPhone.Build.0 = Release|iPhone
		{A6A88E63-A812-4C8F-99A1-88D9117A28C1}.Release|iPhone.Deploy.0 = Release|iPhone
		{A6A88E63-A812-4C8F-99A1-88D9117A28C1}.Release|iPhoneSimulator.ActiveCfg = Release|iPhoneSimulator
		{A6A88E63-A812-4C8F-99A1-88D9117A28C1}.Release|iPhoneSimulator.Build.0 = Release|iPhoneSimulator
		{A6A88E63-A812-4C8F-99A1-88D9117A28C1}.Release|iPhoneSimulator.Deploy.0 = Release|iPhoneSimulator
		{A6A88E63-A812-4C8F-99A1-88D9117A28C1}.Release|x64.ActiveCfg = Release|iPhoneSimulator
		{A6A88E63-A812-4C8F-99A1-88D9117A28C1}.Release|x64.Build.0 = Release|iPhoneSimulator
		{A6A88E63-A812-4C8F-99A1-88D9117A28C1}.Release|x64.Deploy.0 = Release|iPhoneSimulator
		{A6A88E63-A812-4C8F-99A1-88D9117A28C1}.Release|x86.ActiveCfg = Release|iPhoneSimulator
		{A6A88E63-A812-4C8F-99A1-88D9117A28C1}.Release|x86.Build.0 = Release|iPhoneSimulator
		{A6A88E63-A812-4C8F-99A1-88D9117A28C1}.Release|x86.Deploy.0 = Release|iPhoneSimulator
		{BF185E47-D923-49F4-8DCE-9F2D4509BC30}.Debug|Any CPU.ActiveCfg = Debug|Any CPU
		{BF185E47-D923-49F4-8DCE-9F2D4509BC30}.Debug|Any CPU.Build.0 = Debug|Any CPU
		{BF185E47-D923-49F4-8DCE-9F2D4509BC30}.Debug|Any CPU.Deploy.0 = Debug|Any CPU
		{BF185E47-D923-49F4-8DCE-9F2D4509BC30}.Debug|ARM.ActiveCfg = Debug|Any CPU
		{BF185E47-D923-49F4-8DCE-9F2D4509BC30}.Debug|ARM.Build.0 = Debug|Any CPU
		{BF185E47-D923-49F4-8DCE-9F2D4509BC30}.Debug|ARM.Deploy.0 = Debug|Any CPU
		{BF185E47-D923-49F4-8DCE-9F2D4509BC30}.Debug|iPhone.ActiveCfg = Debug|Any CPU
		{BF185E47-D923-49F4-8DCE-9F2D4509BC30}.Debug|iPhone.Build.0 = Debug|Any CPU
		{BF185E47-D923-49F4-8DCE-9F2D4509BC30}.Debug|iPhone.Deploy.0 = Debug|Any CPU
		{BF185E47-D923-49F4-8DCE-9F2D4509BC30}.Debug|iPhoneSimulator.ActiveCfg = Debug|Any CPU
		{BF185E47-D923-49F4-8DCE-9F2D4509BC30}.Debug|iPhoneSimulator.Build.0 = Debug|Any CPU
		{BF185E47-D923-49F4-8DCE-9F2D4509BC30}.Debug|iPhoneSimulator.Deploy.0 = Debug|Any CPU
		{BF185E47-D923-49F4-8DCE-9F2D4509BC30}.Debug|x64.ActiveCfg = Debug|Any CPU
		{BF185E47-D923-49F4-8DCE-9F2D4509BC30}.Debug|x64.Build.0 = Debug|Any CPU
		{BF185E47-D923-49F4-8DCE-9F2D4509BC30}.Debug|x64.Deploy.0 = Debug|Any CPU
		{BF185E47-D923-49F4-8DCE-9F2D4509BC30}.Debug|x86.ActiveCfg = Debug|Any CPU
		{BF185E47-D923-49F4-8DCE-9F2D4509BC30}.Debug|x86.Build.0 = Debug|Any CPU
		{BF185E47-D923-49F4-8DCE-9F2D4509BC30}.Debug|x86.Deploy.0 = Debug|Any CPU
		{BF185E47-D923-49F4-8DCE-9F2D4509BC30}.Release|Any CPU.ActiveCfg = Release|Any CPU
		{BF185E47-D923-49F4-8DCE-9F2D4509BC30}.Release|Any CPU.Build.0 = Release|Any CPU
		{BF185E47-D923-49F4-8DCE-9F2D4509BC30}.Release|Any CPU.Deploy.0 = Release|Any CPU
		{BF185E47-D923-49F4-8DCE-9F2D4509BC30}.Release|ARM.ActiveCfg = Release|Any CPU
		{BF185E47-D923-49F4-8DCE-9F2D4509BC30}.Release|ARM.Build.0 = Release|Any CPU
		{BF185E47-D923-49F4-8DCE-9F2D4509BC30}.Release|ARM.Deploy.0 = Release|Any CPU
		{BF185E47-D923-49F4-8DCE-9F2D4509BC30}.Release|iPhone.ActiveCfg = Release|Any CPU
		{BF185E47-D923-49F4-8DCE-9F2D4509BC30}.Release|iPhone.Build.0 = Release|Any CPU
		{BF185E47-D923-49F4-8DCE-9F2D4509BC30}.Release|iPhone.Deploy.0 = Release|Any CPU
		{BF185E47-D923-49F4-8DCE-9F2D4509BC30}.Release|iPhoneSimulator.ActiveCfg = Release|Any CPU
		{BF185E47-D923-49F4-8DCE-9F2D4509BC30}.Release|iPhoneSimulator.Build.0 = Release|Any CPU
		{BF185E47-D923-49F4-8DCE-9F2D4509BC30}.Release|iPhoneSimulator.Deploy.0 = Release|Any CPU
		{BF185E47-D923-49F4-8DCE-9F2D4509BC30}.Release|x64.ActiveCfg = Release|Any CPU
		{BF185E47-D923-49F4-8DCE-9F2D4509BC30}.Release|x64.Build.0 = Release|Any CPU
		{BF185E47-D923-49F4-8DCE-9F2D4509BC30}.Release|x64.Deploy.0 = Release|Any CPU
		{BF185E47-D923-49F4-8DCE-9F2D4509BC30}.Release|x86.ActiveCfg = Release|Any CPU
		{BF185E47-D923-49F4-8DCE-9F2D4509BC30}.Release|x86.Build.0 = Release|Any CPU
		{BF185E47-D923-49F4-8DCE-9F2D4509BC30}.Release|x86.Deploy.0 = Release|Any CPU
	EndGlobalSection
	GlobalSection(SolutionProperties) = preSolution
		HideSolutionNode = FALSE
	EndGlobalSection
	GlobalSection(NestedProjects) = preSolution
		{F0E421CA-583C-4B9F-9F9D-0D3A98C707BD} = {4E1CB9E8-1BA2-4F92-930D-EBBB9308C98D}
		{EC4C24CD-747D-4F56-B927-93ED859D95E5} = {4E1CB9E8-1BA2-4F92-930D-EBBB9308C98D}
		{A6A88E63-A812-4C8F-99A1-88D9117A28C1} = {4E1CB9E8-1BA2-4F92-930D-EBBB9308C98D}
		{BF185E47-D923-49F4-8DCE-9F2D4509BC30} = {4E1CB9E8-1BA2-4F92-930D-EBBB9308C98D}
	EndGlobalSection
	GlobalSection(ExtensibilityGlobals) = postSolution
		SolutionGuid = {C782F388-65B6-49D3-94EA-16C7E9271E10}
	EndGlobalSection
EndGlobal
